
Microsoft Visual Studio Solution File, Format Version 12.00
# Visual Studio 14
VisualStudioVersion = 14.0.24720.0
MinimumVisualStudioVersion = 10.0.40219.1
Project("{8BC9CEB8-8B4A-11D0-8D11-00A0C91BC942}") = "vs_gomoku_server", "vs_gomoku_server\vs_gomoku_server.vcxproj", "{80EF97A0-E33C-44DF-BBEF-7B14D4A6C8C6}"
EndProject
Project("{8BC9CEB8-8B4A-11D0-8D11-00A0C91BC942}") = "vs_gomoku_client", "vs_gomoku_client\vs_gomoku_client.vcxproj", "{E379FB34-B6F0-4ED0-A014-AB4574C10F5C}"
EndProject
Global
	GlobalSection(SolutionConfigurationPlatforms) = preSolution
		Debug|x64 = Debug|x64
		Debug|x86 = Debug|x86
		Release|x64 = Release|x64
		Release|x86 = Release|x86
	EndGlobalSection
	GlobalSection(ProjectConfigurationPlatforms) = postSolution
		{80EF97A0-E33C-44DF-BBEF-7B14D4A6C8C6}.Debug|x64.ActiveCfg = Debug|x64
		{80EF97A0-E33C-44DF-BBEF-7B14D4A6C8C6}.Debug|x64.Build.0 = Debug|x64
		{80EF97A0-E33C-44DF-BBEF-7B14D4A6C8C6}.Debug|x86.ActiveCfg = Debug|Win32
		{80EF97A0-E33C-44DF-BBEF-7B14D4A6C8C6}.Debug|x86.Build.0 = Debug|Win32
		{80EF97A0-E33C-44DF-BBEF-7B14D4A6C8C6}.Release|x64.ActiveCfg = Release|x64
		{80EF97A0-E33C-44DF-BBEF-7B14D4A6C8C6}.Release|x64.Build.0 = Release|x64
		{80EF97A0-E33C-44DF-BBEF-7B14D4A6C8C6}.Release|x86.ActiveCfg = Release|Win32
		{80EF97A0-E33C-44DF-BBEF-7B14D4A6C8C6}.Release|x86.Build.0 = Release|Win32
		{E379FB34-B6F0-4ED0-A014-AB4574C10F5C}.Debug|x64.ActiveCfg = Debug|x64
		{E379FB34-B6F0-4ED0-A014-AB4574C10F5C}.Debug|x64.Build.0 = Debug|x64
		{E379FB34-B6F0-4ED0-A014-AB4574C10F5C}.Debug|x86.ActiveCfg = Debug|Win32
		{E379FB34-B6F0-4ED0-A014-AB4574C10F5C}.Debug|x86.Build.0 = Debug|Win32
		{E379FB34-B6F0-4ED0-A014-AB4574C10F5C}.Release|x64.ActiveCfg = Release|x64
		{E379FB34-B6F0-4ED0-A014-AB4574C10F5C}.Release|x64.Build.0 = Release|x64
		{E379FB34-B6F0-4ED0-A014-AB4574C10F5C}.Release|x86.ActiveCfg = Release|Win32
		{E379FB34-B6F0-4ED0-A014-AB4574C10F5C}.Release|x86.Build.0 = Release|Win32
	EndGlobalSection
	GlobalSection(SolutionProperties) = preSolution
		HideSolutionNode = FALSE
	EndGlobalSection
EndGlobal
