<?xml version="1.0" encoding="UTF-8" standalone="yes" ?>
<CodeBlocks_project_file>
	<FileVersion major="1" minor="6" />
	<Project>
		<Option title="Gomoku" />
		<Option makefile_is_custom="1" />
		<Option pch_mode="2" />
		<Option compiler="gcc" />
		<MakeCommands>
			<Build command="$make -f $makefile WINDOWS=yes" />
			<CompileFile command="$make -f $makefile $file  WINDOWS=yes" />
			<Clean command="$make -f $makefile fclean WINDOWS=yes" />
			<DistClean command="$make -f $makefile distclean$target" />
			<AskRebuildNeeded command="$make -q -f $makefile  WINDOWS=yes" />
			<SilentBuild command="$make -f $makefile WINDOWS=yes &gt; $(CMD_NULL)" />
		</MakeCommands>
		<Build>
			<Target title="Debug">
				<Option output="gomoku_client" prefix_auto="1" extension_auto="1" />
				<Option object_output="obj/Debug/" />
				<Option type="1" />
				<Option compiler="gcc" />
				<Option use_console_runner="0" />
				<Compiler>
					<Add option="-g" />
				</Compiler>
				<MakeCommands>
					<Build command="$make -f $makefile WINDOWS=yes" />
					<CompileFile command="$make -f $makefile $file  WINDOWS=yes" />
					<Clean command="$make -f $makefile fclean WINDOWS=yes" />
					<DistClean command="$make -f $makefile distclean$target" />
					<AskRebuildNeeded command="$make -q -f $makefile  WINDOWS=yes" />
					<SilentBuild command="$make -f $makefile WINDOWS=yes &gt; $(CMD_NULL)" />
				</MakeCommands>
			</Target>
			<Target title="Release">
				<Option output="gomoku_client" prefix_auto="1" extension_auto="1" />
				<Option object_output="obj/Release/" />
				<Option type="1" />
				<Option compiler="gcc" />
				<Compiler>
					<Add option="-O2" />
				</Compiler>
				<Linker>
					<Add option="-s" />
				</Linker>
			</Target>
		</Build>
		<Compiler>
			<Add option="-Wall" />
		</Compiler>
		<Unit filename="GUI/include/GDisplay.hh" />
		<Unit filename="GUI/include/GError.hh" />
		<Unit filename="GUI/include/RenderObject/AGRenderObject.hh" />
		<Unit filename="GUI/include/RenderObject/GROButton.hh" />
		<Unit filename="GUI/src/GDisplay.cpp" />
		<Unit filename="GUI/src/GError.cpp" />
		<Unit filename="GUI/src/RenderObject/AGRenderObject.cpp" />
		<Unit filename="GUI/src/RenderObject/GROButton.cpp" />
		<Unit filename="GUI/src/main.cpp" />
		<Unit filename="SFML/doc/mainpage.hpp" />
		<Unit filename="SFML/examples/X11/X11.cpp" />
		<Unit filename="SFML/examples/android/jni/main.cpp" />
		<Unit filename="SFML/examples/cocoa/CocoaAppDelegate.h" />
		<Unit filename="SFML/examples/cocoa/NSString+stdstring.h" />
		<Unit filename="SFML/examples/ftp/Ftp.cpp" />
		<Unit filename="SFML/examples/opengl/OpenGL.cpp" />
		<Unit filename="SFML/examples/pong/Pong.cpp" />
		<Unit filename="SFML/examples/shader/Effect.hpp" />
		<Unit filename="SFML/examples/shader/Shader.cpp" />
		<Unit filename="SFML/examples/sockets/Sockets.cpp" />
		<Unit filename="SFML/examples/sockets/TCP.cpp" />
		<Unit filename="SFML/examples/sockets/UDP.cpp" />
		<Unit filename="SFML/examples/sound/Sound.cpp" />
		<Unit filename="SFML/examples/sound_capture/SoundCapture.cpp" />
		<Unit filename="SFML/examples/voip/Client.cpp" />
		<Unit filename="SFML/examples/voip/Server.cpp" />
		<Unit filename="SFML/examples/voip/VoIP.cpp" />
		<Unit filename="SFML/examples/win32/Win32.cpp" />
		<Unit filename="SFML/examples/window/Window.cpp" />
		<Unit filename="SFML/extlibs/headers/AL/al.h" />
		<Unit filename="SFML/extlibs/headers/AL/alc.h" />
		<Unit filename="SFML/extlibs/headers/AL/alext.h" />
		<Unit filename="SFML/extlibs/headers/AL/efx-creative.h" />
		<Unit filename="SFML/extlibs/headers/AL/efx-presets.h" />
		<Unit filename="SFML/extlibs/headers/AL/efx.h" />
		<Unit filename="SFML/extlibs/headers/FLAC/all.h" />
		<Unit filename="SFML/extlibs/headers/FLAC/assert.h" />
		<Unit filename="SFML/extlibs/headers/FLAC/callback.h" />
		<Unit filename="SFML/extlibs/headers/FLAC/export.h" />
		<Unit filename="SFML/extlibs/headers/FLAC/format.h" />
		<Unit filename="SFML/extlibs/headers/FLAC/metadata.h" />
		<Unit filename="SFML/extlibs/headers/FLAC/ordinals.h" />
		<Unit filename="SFML/extlibs/headers/FLAC/stream_decoder.h" />
		<Unit filename="SFML/extlibs/headers/FLAC/stream_encoder.h" />
		<Unit filename="SFML/extlibs/headers/freetype2/config/ftconfig.h" />
		<Unit filename="SFML/extlibs/headers/freetype2/config/ftheader.h" />
		<Unit filename="SFML/extlibs/headers/freetype2/config/ftmodule.h" />
		<Unit filename="SFML/extlibs/headers/freetype2/config/ftoption.h" />
		<Unit filename="SFML/extlibs/headers/freetype2/config/ftstdlib.h" />
		<Unit filename="SFML/extlibs/headers/freetype2/freetype.h" />
		<Unit filename="SFML/extlibs/headers/freetype2/ft2build.h" />
		<Unit filename="SFML/extlibs/headers/freetype2/ftadvanc.h" />
		<Unit filename="SFML/extlibs/headers/freetype2/ftautoh.h" />
		<Unit filename="SFML/extlibs/headers/freetype2/ftbbox.h" />
		<Unit filename="SFML/extlibs/headers/freetype2/ftbdf.h" />
		<Unit filename="SFML/extlibs/headers/freetype2/ftbitmap.h" />
		<Unit filename="SFML/extlibs/headers/freetype2/ftbzip2.h" />
		<Unit filename="SFML/extlibs/headers/freetype2/ftcache.h" />
		<Unit filename="SFML/extlibs/headers/freetype2/ftcffdrv.h" />
		<Unit filename="SFML/extlibs/headers/freetype2/ftchapters.h" />
		<Unit filename="SFML/extlibs/headers/freetype2/ftcid.h" />
		<Unit filename="SFML/extlibs/headers/freetype2/fterrdef.h" />
		<Unit filename="SFML/extlibs/headers/freetype2/fterrors.h" />
		<Unit filename="SFML/extlibs/headers/freetype2/ftgasp.h" />
		<Unit filename="SFML/extlibs/headers/freetype2/ftglyph.h" />
		<Unit filename="SFML/extlibs/headers/freetype2/ftgxval.h" />
		<Unit filename="SFML/extlibs/headers/freetype2/ftgzip.h" />
		<Unit filename="SFML/extlibs/headers/freetype2/ftimage.h" />
		<Unit filename="SFML/extlibs/headers/freetype2/ftincrem.h" />
		<Unit filename="SFML/extlibs/headers/freetype2/ftlcdfil.h" />
		<Unit filename="SFML/extlibs/headers/freetype2/ftlist.h" />
		<Unit filename="SFML/extlibs/headers/freetype2/ftlzw.h" />
		<Unit filename="SFML/extlibs/headers/freetype2/ftmac.h" />
		<Unit filename="SFML/extlibs/headers/freetype2/ftmm.h" />
		<Unit filename="SFML/extlibs/headers/freetype2/ftmodapi.h" />
		<Unit filename="SFML/extlibs/headers/freetype2/ftmoderr.h" />
		<Unit filename="SFML/extlibs/headers/freetype2/ftotval.h" />
		<Unit filename="SFML/extlibs/headers/freetype2/ftoutln.h" />
		<Unit filename="SFML/extlibs/headers/freetype2/ftpfr.h" />
		<Unit filename="SFML/extlibs/headers/freetype2/ftrender.h" />
		<Unit filename="SFML/extlibs/headers/freetype2/ftsizes.h" />
		<Unit filename="SFML/extlibs/headers/freetype2/ftsnames.h" />
		<Unit filename="SFML/extlibs/headers/freetype2/ftstroke.h" />
		<Unit filename="SFML/extlibs/headers/freetype2/ftsynth.h" />
		<Unit filename="SFML/extlibs/headers/freetype2/ftsystem.h" />
		<Unit filename="SFML/extlibs/headers/freetype2/fttrigon.h" />
		<Unit filename="SFML/extlibs/headers/freetype2/ftttdrv.h" />
		<Unit filename="SFML/extlibs/headers/freetype2/fttypes.h" />
		<Unit filename="SFML/extlibs/headers/freetype2/ftwinfnt.h" />
		<Unit filename="SFML/extlibs/headers/freetype2/ftxf86.h" />
		<Unit filename="SFML/extlibs/headers/freetype2/t1tables.h" />
		<Unit filename="SFML/extlibs/headers/freetype2/ttnameid.h" />
		<Unit filename="SFML/extlibs/headers/freetype2/tttables.h" />
		<Unit filename="SFML/extlibs/headers/freetype2/tttags.h" />
		<Unit filename="SFML/extlibs/headers/freetype2/ttunpat.h" />
		<Unit filename="SFML/extlibs/headers/jpeg/jconfig.h" />
		<Unit filename="SFML/extlibs/headers/jpeg/jerror.h" />
		<Unit filename="SFML/extlibs/headers/jpeg/jmorecfg.h" />
		<Unit filename="SFML/extlibs/headers/jpeg/jpeglib.h" />
		<Unit filename="SFML/extlibs/headers/ogg/config_types.h" />
		<Unit filename="SFML/extlibs/headers/ogg/ogg.h" />
		<Unit filename="SFML/extlibs/headers/ogg/os_types.h" />
		<Unit filename="SFML/extlibs/headers/stb_image/stb_image.h" />
		<Unit filename="SFML/extlibs/headers/stb_image/stb_image_write.h" />
		<Unit filename="SFML/extlibs/headers/vorbis/codec.h" />
		<Unit filename="SFML/extlibs/headers/vorbis/vorbisenc.h" />
		<Unit filename="SFML/extlibs/headers/vorbis/vorbisfile.h" />
		<Unit filename="SFML/include/SFML/Audio.hpp" />
		<Unit filename="SFML/include/SFML/Audio/AlResource.hpp" />
		<Unit filename="SFML/include/SFML/Audio/Export.hpp" />
		<Unit filename="SFML/include/SFML/Audio/InputSoundFile.hpp" />
		<Unit filename="SFML/include/SFML/Audio/Listener.hpp" />
		<Unit filename="SFML/include/SFML/Audio/Music.hpp" />
		<Unit filename="SFML/include/SFML/Audio/OutputSoundFile.hpp" />
		<Unit filename="SFML/include/SFML/Audio/Sound.hpp" />
		<Unit filename="SFML/include/SFML/Audio/SoundBuffer.hpp" />
		<Unit filename="SFML/include/SFML/Audio/SoundBufferRecorder.hpp" />
		<Unit filename="SFML/include/SFML/Audio/SoundFileFactory.hpp" />
		<Unit filename="SFML/include/SFML/Audio/SoundFileReader.hpp" />
		<Unit filename="SFML/include/SFML/Audio/SoundFileWriter.hpp" />
		<Unit filename="SFML/include/SFML/Audio/SoundRecorder.hpp" />
		<Unit filename="SFML/include/SFML/Audio/SoundSource.hpp" />
		<Unit filename="SFML/include/SFML/Audio/SoundStream.hpp" />
		<Unit filename="SFML/include/SFML/Config.hpp" />
		<Unit filename="SFML/include/SFML/Graphics.hpp" />
		<Unit filename="SFML/include/SFML/Graphics/BlendMode.hpp" />
		<Unit filename="SFML/include/SFML/Graphics/CircleShape.hpp" />
		<Unit filename="SFML/include/SFML/Graphics/Color.hpp" />
		<Unit filename="SFML/include/SFML/Graphics/ConvexShape.hpp" />
		<Unit filename="SFML/include/SFML/Graphics/Drawable.hpp" />
		<Unit filename="SFML/include/SFML/Graphics/Export.hpp" />
		<Unit filename="SFML/include/SFML/Graphics/Font.hpp" />
		<Unit filename="SFML/include/SFML/Graphics/Glsl.hpp" />
		<Unit filename="SFML/include/SFML/Graphics/Glyph.hpp" />
		<Unit filename="SFML/include/SFML/Graphics/Image.hpp" />
		<Unit filename="SFML/include/SFML/Graphics/PrimitiveType.hpp" />
		<Unit filename="SFML/include/SFML/Graphics/Rect.hpp" />
		<Unit filename="SFML/include/SFML/Graphics/RectangleShape.hpp" />
		<Unit filename="SFML/include/SFML/Graphics/RenderStates.hpp" />
		<Unit filename="SFML/include/SFML/Graphics/RenderTarget.hpp" />
		<Unit filename="SFML/include/SFML/Graphics/RenderTexture.hpp" />
		<Unit filename="SFML/include/SFML/Graphics/RenderWindow.hpp" />
		<Unit filename="SFML/include/SFML/Graphics/Shader.hpp" />
		<Unit filename="SFML/include/SFML/Graphics/Shape.hpp" />
		<Unit filename="SFML/include/SFML/Graphics/Sprite.hpp" />
		<Unit filename="SFML/include/SFML/Graphics/Text.hpp" />
		<Unit filename="SFML/include/SFML/Graphics/Texture.hpp" />
		<Unit filename="SFML/include/SFML/Graphics/Transform.hpp" />
		<Unit filename="SFML/include/SFML/Graphics/Transformable.hpp" />
		<Unit filename="SFML/include/SFML/Graphics/Vertex.hpp" />
		<Unit filename="SFML/include/SFML/Graphics/VertexArray.hpp" />
		<Unit filename="SFML/include/SFML/Graphics/View.hpp" />
		<Unit filename="SFML/include/SFML/Main.hpp" />
		<Unit filename="SFML/include/SFML/Network.hpp" />
		<Unit filename="SFML/include/SFML/Network/Export.hpp" />
		<Unit filename="SFML/include/SFML/Network/Ftp.hpp" />
		<Unit filename="SFML/include/SFML/Network/Http.hpp" />
		<Unit filename="SFML/include/SFML/Network/IpAddress.hpp" />
		<Unit filename="SFML/include/SFML/Network/Packet.hpp" />
		<Unit filename="SFML/include/SFML/Network/Socket.hpp" />
		<Unit filename="SFML/include/SFML/Network/SocketHandle.hpp" />
		<Unit filename="SFML/include/SFML/Network/SocketSelector.hpp" />
		<Unit filename="SFML/include/SFML/Network/TcpListener.hpp" />
		<Unit filename="SFML/include/SFML/Network/TcpSocket.hpp" />
		<Unit filename="SFML/include/SFML/Network/UdpSocket.hpp" />
		<Unit filename="SFML/include/SFML/OpenGL.hpp" />
		<Unit filename="SFML/include/SFML/System.hpp" />
		<Unit filename="SFML/include/SFML/System/Clock.hpp" />
		<Unit filename="SFML/include/SFML/System/Err.hpp" />
		<Unit filename="SFML/include/SFML/System/Export.hpp" />
		<Unit filename="SFML/include/SFML/System/FileInputStream.hpp" />
		<Unit filename="SFML/include/SFML/System/InputStream.hpp" />
		<Unit filename="SFML/include/SFML/System/Lock.hpp" />
		<Unit filename="SFML/include/SFML/System/MemoryInputStream.hpp" />
		<Unit filename="SFML/include/SFML/System/Mutex.hpp" />
		<Unit filename="SFML/include/SFML/System/NonCopyable.hpp" />
		<Unit filename="SFML/include/SFML/System/Sleep.hpp" />
		<Unit filename="SFML/include/SFML/System/String.hpp" />
		<Unit filename="SFML/include/SFML/System/Thread.hpp" />
		<Unit filename="SFML/include/SFML/System/ThreadLocal.hpp" />
		<Unit filename="SFML/include/SFML/System/ThreadLocalPtr.hpp" />
		<Unit filename="SFML/include/SFML/System/Time.hpp" />
		<Unit filename="SFML/include/SFML/System/Utf.hpp" />
		<Unit filename="SFML/include/SFML/System/Vector2.hpp" />
		<Unit filename="SFML/include/SFML/System/Vector3.hpp" />
		<Unit filename="SFML/include/SFML/Window.hpp" />
		<Unit filename="SFML/include/SFML/Window/Context.hpp" />
		<Unit filename="SFML/include/SFML/Window/ContextSettings.hpp" />
		<Unit filename="SFML/include/SFML/Window/Event.hpp" />
		<Unit filename="SFML/include/SFML/Window/Export.hpp" />
		<Unit filename="SFML/include/SFML/Window/GlResource.hpp" />
		<Unit filename="SFML/include/SFML/Window/Joystick.hpp" />
		<Unit filename="SFML/include/SFML/Window/Keyboard.hpp" />
		<Unit filename="SFML/include/SFML/Window/Mouse.hpp" />
		<Unit filename="SFML/include/SFML/Window/Sensor.hpp" />
		<Unit filename="SFML/include/SFML/Window/Touch.hpp" />
		<Unit filename="SFML/include/SFML/Window/VideoMode.hpp" />
		<Unit filename="SFML/include/SFML/Window/Window.hpp" />
		<Unit filename="SFML/include/SFML/Window/WindowHandle.hpp" />
		<Unit filename="SFML/include/SFML/Window/WindowStyle.hpp" />
		<Unit filename="SFML/src/SFML/Audio/ALCheck.cpp" />
		<Unit filename="SFML/src/SFML/Audio/ALCheck.hpp" />
		<Unit filename="SFML/src/SFML/Audio/AlResource.cpp" />
		<Unit filename="SFML/src/SFML/Audio/AudioDevice.cpp" />
		<Unit filename="SFML/src/SFML/Audio/AudioDevice.hpp" />
		<Unit filename="SFML/src/SFML/Audio/InputSoundFile.cpp" />
		<Unit filename="SFML/src/SFML/Audio/Listener.cpp" />
		<Unit filename="SFML/src/SFML/Audio/Music.cpp" />
		<Unit filename="SFML/src/SFML/Audio/OutputSoundFile.cpp" />
		<Unit filename="SFML/src/SFML/Audio/Sound.cpp" />
		<Unit filename="SFML/src/SFML/Audio/SoundBuffer.cpp" />
		<Unit filename="SFML/src/SFML/Audio/SoundBufferRecorder.cpp" />
		<Unit filename="SFML/src/SFML/Audio/SoundFileFactory.cpp" />
		<Unit filename="SFML/src/SFML/Audio/SoundFileReaderFlac.cpp" />
		<Unit filename="SFML/src/SFML/Audio/SoundFileReaderFlac.hpp" />
		<Unit filename="SFML/src/SFML/Audio/SoundFileReaderOgg.cpp" />
		<Unit filename="SFML/src/SFML/Audio/SoundFileReaderOgg.hpp" />
		<Unit filename="SFML/src/SFML/Audio/SoundFileReaderWav.cpp" />
		<Unit filename="SFML/src/SFML/Audio/SoundFileReaderWav.hpp" />
		<Unit filename="SFML/src/SFML/Audio/SoundFileWriterFlac.cpp" />
		<Unit filename="SFML/src/SFML/Audio/SoundFileWriterFlac.hpp" />
		<Unit filename="SFML/src/SFML/Audio/SoundFileWriterOgg.cpp" />
		<Unit filename="SFML/src/SFML/Audio/SoundFileWriterOgg.hpp" />
		<Unit filename="SFML/src/SFML/Audio/SoundFileWriterWav.cpp" />
		<Unit filename="SFML/src/SFML/Audio/SoundFileWriterWav.hpp" />
		<Unit filename="SFML/src/SFML/Audio/SoundRecorder.cpp" />
		<Unit filename="SFML/src/SFML/Audio/SoundSource.cpp" />
		<Unit filename="SFML/src/SFML/Audio/SoundStream.cpp" />
		<Unit filename="SFML/src/SFML/Graphics/BlendMode.cpp" />
		<Unit filename="SFML/src/SFML/Graphics/CircleShape.cpp" />
		<Unit filename="SFML/src/SFML/Graphics/Color.cpp" />
		<Unit filename="SFML/src/SFML/Graphics/ConvexShape.cpp" />
		<Unit filename="SFML/src/SFML/Graphics/Font.cpp" />
		<Unit filename="SFML/src/SFML/Graphics/GLCheck.cpp" />
		<Unit filename="SFML/src/SFML/Graphics/GLCheck.hpp" />
		<Unit filename="SFML/src/SFML/Graphics/GLExtensions.cpp" />
		<Unit filename="SFML/src/SFML/Graphics/GLExtensions.hpp" />
		<Unit filename="SFML/src/SFML/Graphics/GLLoader.cpp" />
		<Unit filename="SFML/src/SFML/Graphics/GLLoader.hpp" />
		<Unit filename="SFML/src/SFML/Graphics/Glsl.cpp" />
		<Unit filename="SFML/src/SFML/Graphics/Image.cpp" />
		<Unit filename="SFML/src/SFML/Graphics/ImageLoader.cpp" />
		<Unit filename="SFML/src/SFML/Graphics/ImageLoader.hpp" />
		<Unit filename="SFML/src/SFML/Graphics/RectangleShape.cpp" />
		<Unit filename="SFML/src/SFML/Graphics/RenderStates.cpp" />
		<Unit filename="SFML/src/SFML/Graphics/RenderTarget.cpp" />
		<Unit filename="SFML/src/SFML/Graphics/RenderTexture.cpp" />
		<Unit filename="SFML/src/SFML/Graphics/RenderTextureImpl.cpp" />
		<Unit filename="SFML/src/SFML/Graphics/RenderTextureImpl.hpp" />
		<Unit filename="SFML/src/SFML/Graphics/RenderTextureImplDefault.cpp" />
		<Unit filename="SFML/src/SFML/Graphics/RenderTextureImplDefault.hpp" />
		<Unit filename="SFML/src/SFML/Graphics/RenderTextureImplFBO.cpp" />
		<Unit filename="SFML/src/SFML/Graphics/RenderTextureImplFBO.hpp" />
		<Unit filename="SFML/src/SFML/Graphics/RenderWindow.cpp" />
		<Unit filename="SFML/src/SFML/Graphics/Shader.cpp" />
		<Unit filename="SFML/src/SFML/Graphics/Shape.cpp" />
		<Unit filename="SFML/src/SFML/Graphics/Sprite.cpp" />
		<Unit filename="SFML/src/SFML/Graphics/Text.cpp" />
		<Unit filename="SFML/src/SFML/Graphics/Texture.cpp" />
		<Unit filename="SFML/src/SFML/Graphics/TextureSaver.cpp" />
		<Unit filename="SFML/src/SFML/Graphics/TextureSaver.hpp" />
		<Unit filename="SFML/src/SFML/Graphics/Transform.cpp" />
		<Unit filename="SFML/src/SFML/Graphics/Transformable.cpp" />
		<Unit filename="SFML/src/SFML/Graphics/Vertex.cpp" />
		<Unit filename="SFML/src/SFML/Graphics/VertexArray.cpp" />
		<Unit filename="SFML/src/SFML/Graphics/View.cpp" />
		<Unit filename="SFML/src/SFML/Main/MainAndroid.cpp" />
		<Unit filename="SFML/src/SFML/Main/MainWin32.cpp" />
		<Unit filename="SFML/src/SFML/Main/SFMLActivity.cpp" />
		<Unit filename="SFML/src/SFML/Network/Ftp.cpp" />
		<Unit filename="SFML/src/SFML/Network/Http.cpp" />
		<Unit filename="SFML/src/SFML/Network/IpAddress.cpp" />
		<Unit filename="SFML/src/SFML/Network/Packet.cpp" />
		<Unit filename="SFML/src/SFML/Network/Socket.cpp" />
		<Unit filename="SFML/src/SFML/Network/SocketImpl.hpp" />
		<Unit filename="SFML/src/SFML/Network/SocketSelector.cpp" />
		<Unit filename="SFML/src/SFML/Network/TcpListener.cpp" />
		<Unit filename="SFML/src/SFML/Network/TcpSocket.cpp" />
		<Unit filename="SFML/src/SFML/Network/UdpSocket.cpp" />
		<Unit filename="SFML/src/SFML/Network/Unix/SocketImpl.cpp" />
		<Unit filename="SFML/src/SFML/Network/Unix/SocketImpl.hpp" />
		<Unit filename="SFML/src/SFML/Network/Win32/SocketImpl.cpp" />
		<Unit filename="SFML/src/SFML/Network/Win32/SocketImpl.hpp" />
		<Unit filename="SFML/src/SFML/System/Android/Activity.cpp" />
		<Unit filename="SFML/src/SFML/System/Android/Activity.hpp" />
		<Unit filename="SFML/src/SFML/System/Android/ResourceStream.cpp" />
		<Unit filename="SFML/src/SFML/System/Android/ResourceStream.hpp" />
		<Unit filename="SFML/src/SFML/System/Clock.cpp" />
		<Unit filename="SFML/src/SFML/System/Err.cpp" />
		<Unit filename="SFML/src/SFML/System/FileInputStream.cpp" />
		<Unit filename="SFML/src/SFML/System/Lock.cpp" />
		<Unit filename="SFML/src/SFML/System/MemoryInputStream.cpp" />
		<Unit filename="SFML/src/SFML/System/Mutex.cpp" />
		<Unit filename="SFML/src/SFML/System/Sleep.cpp" />
		<Unit filename="SFML/src/SFML/System/String.cpp" />
		<Unit filename="SFML/src/SFML/System/Thread.cpp" />
		<Unit filename="SFML/src/SFML/System/ThreadLocal.cpp" />
		<Unit filename="SFML/src/SFML/System/Time.cpp" />
		<Unit filename="SFML/src/SFML/System/Unix/ClockImpl.cpp" />
		<Unit filename="SFML/src/SFML/System/Unix/ClockImpl.hpp" />
		<Unit filename="SFML/src/SFML/System/Unix/MutexImpl.cpp" />
		<Unit filename="SFML/src/SFML/System/Unix/MutexImpl.hpp" />
		<Unit filename="SFML/src/SFML/System/Unix/SleepImpl.cpp" />
		<Unit filename="SFML/src/SFML/System/Unix/SleepImpl.hpp" />
		<Unit filename="SFML/src/SFML/System/Unix/ThreadImpl.cpp" />
		<Unit filename="SFML/src/SFML/System/Unix/ThreadImpl.hpp" />
		<Unit filename="SFML/src/SFML/System/Unix/ThreadLocalImpl.cpp" />
		<Unit filename="SFML/src/SFML/System/Unix/ThreadLocalImpl.hpp" />
		<Unit filename="SFML/src/SFML/System/Win32/ClockImpl.cpp" />
		<Unit filename="SFML/src/SFML/System/Win32/ClockImpl.hpp" />
		<Unit filename="SFML/src/SFML/System/Win32/MutexImpl.cpp" />
		<Unit filename="SFML/src/SFML/System/Win32/MutexImpl.hpp" />
		<Unit filename="SFML/src/SFML/System/Win32/SleepImpl.cpp" />
		<Unit filename="SFML/src/SFML/System/Win32/SleepImpl.hpp" />
		<Unit filename="SFML/src/SFML/System/Win32/ThreadImpl.cpp" />
		<Unit filename="SFML/src/SFML/System/Win32/ThreadImpl.hpp" />
		<Unit filename="SFML/src/SFML/System/Win32/ThreadLocalImpl.cpp" />
		<Unit filename="SFML/src/SFML/System/Win32/ThreadLocalImpl.hpp" />
		<Unit filename="SFML/src/SFML/Window/Android/InputImpl.cpp" />
		<Unit filename="SFML/src/SFML/Window/Android/InputImpl.hpp" />
		<Unit filename="SFML/src/SFML/Window/Android/JoystickImpl.cpp" />
		<Unit filename="SFML/src/SFML/Window/Android/JoystickImpl.hpp" />
		<Unit filename="SFML/src/SFML/Window/Android/SensorImpl.cpp" />
		<Unit filename="SFML/src/SFML/Window/Android/SensorImpl.hpp" />
		<Unit filename="SFML/src/SFML/Window/Android/VideoModeImpl.cpp" />
		<Unit filename="SFML/src/SFML/Window/Android/WindowImplAndroid.cpp" />
		<Unit filename="SFML/src/SFML/Window/Android/WindowImplAndroid.hpp" />
		<Unit filename="SFML/src/SFML/Window/Context.cpp" />
		<Unit filename="SFML/src/SFML/Window/EGLCheck.cpp" />
		<Unit filename="SFML/src/SFML/Window/EGLCheck.hpp" />
		<Unit filename="SFML/src/SFML/Window/EglContext.cpp" />
		<Unit filename="SFML/src/SFML/Window/EglContext.hpp" />
		<Unit filename="SFML/src/SFML/Window/FreeBSD/JoystickImpl.cpp" />
		<Unit filename="SFML/src/SFML/Window/FreeBSD/JoystickImpl.hpp" />
		<Unit filename="SFML/src/SFML/Window/GlContext.cpp" />
		<Unit filename="SFML/src/SFML/Window/GlContext.hpp" />
		<Unit filename="SFML/src/SFML/Window/GlResource.cpp" />
		<Unit filename="SFML/src/SFML/Window/InputImpl.hpp" />
		<Unit filename="SFML/src/SFML/Window/Joystick.cpp" />
		<Unit filename="SFML/src/SFML/Window/JoystickImpl.hpp" />
		<Unit filename="SFML/src/SFML/Window/JoystickManager.cpp" />
		<Unit filename="SFML/src/SFML/Window/JoystickManager.hpp" />
		<Unit filename="SFML/src/SFML/Window/Keyboard.cpp" />
		<Unit filename="SFML/src/SFML/Window/Mouse.cpp" />
		<Unit filename="SFML/src/SFML/Window/OSX/AutoreleasePoolWrapper.h" />
		<Unit filename="SFML/src/SFML/Window/OSX/HIDInputManager.hpp" />
		<Unit filename="SFML/src/SFML/Window/OSX/HIDJoystickManager.cpp" />
		<Unit filename="SFML/src/SFML/Window/OSX/HIDJoystickManager.hpp" />
		<Unit filename="SFML/src/SFML/Window/OSX/InputImpl.hpp" />
		<Unit filename="SFML/src/SFML/Window/OSX/JoystickImpl.cpp" />
		<Unit filename="SFML/src/SFML/Window/OSX/JoystickImpl.hpp" />
		<Unit filename="SFML/src/SFML/Window/OSX/SFApplication.h" />
		<Unit filename="SFML/src/SFML/Window/OSX/SFApplicationDelegate.h" />
		<Unit filename="SFML/src/SFML/Window/OSX/SFContext.hpp" />
		<Unit filename="SFML/src/SFML/Window/OSX/SFKeyboardModifiersHelper.h" />
		<Unit filename="SFML/src/SFML/Window/OSX/SFOpenGLView.h" />
		<Unit filename="SFML/src/SFML/Window/OSX/SFSilentResponder.h" />
		<Unit filename="SFML/src/SFML/Window/OSX/SFViewController.h" />
		<Unit filename="SFML/src/SFML/Window/OSX/SFWindow.h" />
		<Unit filename="SFML/src/SFML/Window/OSX/SFWindowController.h" />
		<Unit filename="SFML/src/SFML/Window/OSX/SensorImpl.cpp" />
		<Unit filename="SFML/src/SFML/Window/OSX/SensorImpl.hpp" />
		<Unit filename="SFML/src/SFML/Window/OSX/VideoModeImpl.cpp" />
		<Unit filename="SFML/src/SFML/Window/OSX/WindowImplCocoa.hpp" />
		<Unit filename="SFML/src/SFML/Window/OSX/WindowImplDelegateProtocol.h" />
		<Unit filename="SFML/src/SFML/Window/OSX/cg_sf_conversion.cpp" />
		<Unit filename="SFML/src/SFML/Window/OSX/cg_sf_conversion.hpp" />
		<Unit filename="SFML/src/SFML/Window/OSX/cpp_objc_conversion.h" />
		<Unit filename="SFML/src/SFML/Window/Sensor.cpp" />
		<Unit filename="SFML/src/SFML/Window/SensorImpl.hpp" />
		<Unit filename="SFML/src/SFML/Window/SensorManager.cpp" />
		<Unit filename="SFML/src/SFML/Window/SensorManager.hpp" />
		<Unit filename="SFML/src/SFML/Window/Touch.cpp" />
		<Unit filename="SFML/src/SFML/Window/Unix/Display.cpp" />
		<Unit filename="SFML/src/SFML/Window/Unix/Display.hpp" />
		<Unit filename="SFML/src/SFML/Window/Unix/GlxContext.cpp" />
		<Unit filename="SFML/src/SFML/Window/Unix/GlxContext.hpp" />
		<Unit filename="SFML/src/SFML/Window/Unix/GlxExtensions.cpp" />
		<Unit filename="SFML/src/SFML/Window/Unix/GlxExtensions.hpp" />
		<Unit filename="SFML/src/SFML/Window/Unix/InputImpl.cpp" />
		<Unit filename="SFML/src/SFML/Window/Unix/InputImpl.hpp" />
		<Unit filename="SFML/src/SFML/Window/Unix/JoystickImpl.cpp" />
		<Unit filename="SFML/src/SFML/Window/Unix/JoystickImpl.hpp" />
		<Unit filename="SFML/src/SFML/Window/Unix/ScopedXcbPtr.hpp" />
		<Unit filename="SFML/src/SFML/Window/Unix/SensorImpl.cpp" />
		<Unit filename="SFML/src/SFML/Window/Unix/SensorImpl.hpp" />
		<Unit filename="SFML/src/SFML/Window/Unix/VideoModeImpl.cpp" />
		<Unit filename="SFML/src/SFML/Window/Unix/WindowImplX11.cpp" />
		<Unit filename="SFML/src/SFML/Window/Unix/WindowImplX11.hpp" />
		<Unit filename="SFML/src/SFML/Window/VideoMode.cpp" />
		<Unit filename="SFML/src/SFML/Window/VideoModeImpl.hpp" />
		<Unit filename="SFML/src/SFML/Window/Win32/InputImpl.cpp" />
		<Unit filename="SFML/src/SFML/Window/Win32/InputImpl.hpp" />
		<Unit filename="SFML/src/SFML/Window/Win32/JoystickImpl.cpp" />
		<Unit filename="SFML/src/SFML/Window/Win32/JoystickImpl.hpp" />
		<Unit filename="SFML/src/SFML/Window/Win32/SensorImpl.cpp" />
		<Unit filename="SFML/src/SFML/Window/Win32/SensorImpl.hpp" />
		<Unit filename="SFML/src/SFML/Window/Win32/VideoModeImpl.cpp" />
		<Unit filename="SFML/src/SFML/Window/Win32/WglContext.cpp" />
		<Unit filename="SFML/src/SFML/Window/Win32/WglContext.hpp" />
		<Unit filename="SFML/src/SFML/Window/Win32/WglExtensions.cpp" />
		<Unit filename="SFML/src/SFML/Window/Win32/WglExtensions.hpp" />
		<Unit filename="SFML/src/SFML/Window/Win32/WindowImplWin32.cpp" />
		<Unit filename="SFML/src/SFML/Window/Win32/WindowImplWin32.hpp" />
		<Unit filename="SFML/src/SFML/Window/Window.cpp" />
		<Unit filename="SFML/src/SFML/Window/WindowImpl.cpp" />
		<Unit filename="SFML/src/SFML/Window/WindowImpl.hpp" />
		<Unit filename="SFML/src/SFML/Window/iOS/EaglContext.hpp" />
		<Unit filename="SFML/src/SFML/Window/iOS/InputImpl.hpp" />
		<Unit filename="SFML/src/SFML/Window/iOS/JoystickImpl.hpp" />
		<Unit filename="SFML/src/SFML/Window/iOS/ObjCType.hpp" />
		<Unit filename="SFML/src/SFML/Window/iOS/SFAppDelegate.hpp" />
		<Unit filename="SFML/src/SFML/Window/iOS/SFMain.hpp" />
		<Unit filename="SFML/src/SFML/Window/iOS/SFView.hpp" />
		<Unit filename="SFML/src/SFML/Window/iOS/SFViewController.hpp" />
		<Unit filename="SFML/src/SFML/Window/iOS/SensorImpl.hpp" />
		<Unit filename="SFML/src/SFML/Window/iOS/WindowImplUIKit.hpp" />
		<Unit filename="SFML/tools/xcode/templates/SFML/SFML App.xctemplate/ResourcePath.hpp" />
		<Unit filename="SFML/tools/xcode/templates/SFML/SFML App.xctemplate/main.cpp" />
		<Unit filename="SFML/tools/xcode/templates/SFML/SFML CLT.xctemplate/main.cpp" />
		<Unit filename="include/client/Client.hpp" />
		<Unit filename="include/iprotocol/ACallback.hpp" />
		<Unit filename="include/iprotocol/ATCP_packet.hpp" />
		<Unit filename="include/iprotocol/ITCP_protocol.hpp" />
		<Unit filename="include/iprotocol/TCP_packet_recv.hpp" />
		<Unit filename="include/iprotocol/TCP_packet_send.hpp" />
		<Unit filename="include/iprotocol/TCP_protocol.hpp" />
		<Unit filename="include/isocket/ASocket.hpp" />
		<Unit filename="include/isocket/ISelect.hpp" />
		<Unit filename="include/isocket/ISocket.hpp" />
		<Unit filename="include/isocket/IStandard.hpp" />
		<Unit filename="include/isocket/ITCP_client.hpp" />
		<Unit filename="include/isocket/ITCP_server.hpp" />
		<Unit filename="include/isocket/IUDP_client.hpp" />
		<Unit filename="include/isocket/IUDP_server.hpp" />
		<Unit filename="include/isocket/Select.hpp" />
		<Unit filename="include/isocket/Standard.hpp" />
		<Unit filename="include/isocket/TCP_client.hpp" />
		<Unit filename="include/isocket/TCP_server.hpp" />
		<Unit filename="include/isocket/UDP_client.hpp" />
		<Unit filename="include/isocket/UDP_server.hpp" />
		<Unit filename="include/itime/ITime.hpp" />
		<Unit filename="include/itime/Time.hpp" />
		<Unit filename="include/itime/Time_Windows.hpp" />
		<Unit filename="include/server/Black.hpp" />
		<Unit filename="include/server/Client.hpp" />
		<Unit filename="include/server/Game.hpp" />
		<Unit filename="include/server/Server.hpp" />
		<Unit filename="include/server/White.hpp" />
		<Unit filename="source/client/Client.cpp" />
		<Unit filename="source/client/main.cpp" />
		<Unit filename="source/iprotocol/ATCP_packet.cpp" />
		<Unit filename="source/iprotocol/TCP_packet_recv.cpp" />
		<Unit filename="source/iprotocol/TCP_packet_send.cpp" />
		<Unit filename="source/isocket/ASocket.cpp" />
		<Unit filename="source/isocket/ISelect.cpp" />
		<Unit filename="source/isocket/ISocket.cpp" />
		<Unit filename="source/isocket/IStandard.cpp" />
		<Unit filename="source/isocket/ITCP_client.cpp" />
		<Unit filename="source/isocket/ITCP_server.cpp" />
		<Unit filename="source/isocket/Select.cpp" />
		<Unit filename="source/isocket/Standard.cpp" />
		<Unit filename="source/isocket/TCP_client.cpp" />
		<Unit filename="source/isocket/TCP_server.cpp" />
		<Unit filename="source/itime/ITime.cpp" />
		<Unit filename="source/itime/Time.cpp" />
		<Unit filename="source/itime/Time_Windows.cpp" />
		<Unit filename="source/server/Black.cpp" />
		<Unit filename="source/server/Client.cpp" />
		<Unit filename="source/server/Game.cpp" />
		<Unit filename="source/server/Server.cpp" />
		<Unit filename="source/server/White.cpp" />
		<Unit filename="source/server/main.cpp" />
		<Extensions>
			<code_completion />
			<envvars />
			<debugger />
			<lib_finder disable_auto="1" />
		</Extensions>
	</Project>
</CodeBlocks_project_file>
