<?xml version="1.0" encoding="utf-8"?>
<Project ToolsVersion="4.0" xmlns="http://schemas.microsoft.com/developer/msbuild/2003">
  <ItemGroup>
    <ClCompile Include="..\source\iprotocol\ATCP_packet.cpp">
      <Filter>iprotocol</Filter>
    </ClCompile>
    <ClCompile Include="..\source\iprotocol\ITCP_protocol.cpp">
      <Filter>iprotocol</Filter>
    </ClCompile>
    <ClCompile Include="..\source\iprotocol\TCP_packet_recv.cpp">
      <Filter>iprotocol</Filter>
    </ClCompile>
    <ClCompile Include="..\source\iprotocol\TCP_packet_send.cpp">
      <Filter>iprotocol</Filter>
    </ClCompile>
    <ClCompile Include="..\source\isocket\ASocket.cpp">
      <Filter>isocket</Filter>
    </ClCompile>
    <ClCompile Include="..\source\isocket\ISelect.cpp">
      <Filter>isocket</Filter>
    </ClCompile>
    <ClCompile Include="..\source\isocket\ISocket.cpp">
      <Filter>isocket</Filter>
    </ClCompile>
    <ClCompile Include="..\source\isocket\ITCP_client.cpp">
      <Filter>isocket</Filter>
    </ClCompile>
    <ClCompile Include="..\source\isocket\ITCP_server.cpp">
      <Filter>isocket</Filter>
    </ClCompile>
    <ClCompile Include="..\source\isocket\Select.cpp">
      <Filter>isocket</Filter>
    </ClCompile>
    <ClCompile Include="..\source\isocket\TCP_client.cpp">
      <Filter>isocket</Filter>
    </ClCompile>
    <ClCompile Include="..\source\isocket\TCP_server.cpp">
      <Filter>isocket</Filter>
    </ClCompile>
    <ClCompile Include="..\source\itime\ITime.cpp">
      <Filter>itime</Filter>
    </ClCompile>
    <ClCompile Include="..\source\itime\Time.cpp">
      <Filter>itime</Filter>
    </ClCompile>
    <ClCompile Include="..\source\client\Client.cpp">
      <Filter>client</Filter>
    </ClCompile>
    <ClCompile Include="..\source\client\main.cpp">
      <Filter>client</Filter>
    </ClCompile>
    <ClCompile Include="..\source\client\GameInfo.cpp">
      <Filter>client</Filter>
    </ClCompile>
    <ClCompile Include="..\source\client\PlayerInfo.cpp">
      <Filter>client</Filter>
    </ClCompile>
    <ClCompile Include="..\source\client\GomokuGraphics.cpp">
      <Filter>client</Filter>
    </ClCompile>
    <ClCompile Include="..\source\client\GView.cpp">
      <Filter>client\IGView</Filter>
    </ClCompile>
  </ItemGroup>
  <ItemGroup>
    <ClInclude Include="..\include\iprotocol\ATCP_packet.hpp">
      <Filter>iprotocol</Filter>
    </ClInclude>
    <ClInclude Include="..\include\iprotocol\ITCP_protocol.hpp">
      <Filter>iprotocol</Filter>
    </ClInclude>
    <ClInclude Include="..\include\iprotocol\TCP_packet_recv.hpp">
      <Filter>iprotocol</Filter>
    </ClInclude>
    <ClInclude Include="..\include\iprotocol\TCP_packet_send.hpp">
      <Filter>iprotocol</Filter>
    </ClInclude>
    <ClInclude Include="..\include\isocket\ASocket.hpp">
      <Filter>isocket</Filter>
    </ClInclude>
    <ClInclude Include="..\include\isocket\ISelect.hpp">
      <Filter>isocket</Filter>
    </ClInclude>
    <ClInclude Include="..\include\isocket\ISocket.hpp">
      <Filter>isocket</Filter>
    </ClInclude>
    <ClInclude Include="..\include\isocket\ITCP_client.hpp">
      <Filter>isocket</Filter>
    </ClInclude>
    <ClInclude Include="..\include\isocket\ITCP_server.hpp">
      <Filter>isocket</Filter>
    </ClInclude>
    <ClInclude Include="..\include\isocket\Select.hpp">
      <Filter>isocket</Filter>
    </ClInclude>
    <ClInclude Include="..\include\isocket\TCP_client.hpp">
      <Filter>isocket</Filter>
    </ClInclude>
    <ClInclude Include="..\include\isocket\TCP_server.hpp">
      <Filter>isocket</Filter>
    </ClInclude>
    <ClInclude Include="..\include\itime\ITime.hpp">
      <Filter>itime</Filter>
    </ClInclude>
    <ClInclude Include="..\include\itime\Time.hpp">
      <Filter>itime</Filter>
    </ClInclude>
    <ClInclude Include="..\include\client\Client.hpp">
      <Filter>client</Filter>
    </ClInclude>
    <ClInclude Include="..\include\iprotocol\TCP_protocol.hpp">
      <Filter>iprotocol</Filter>
    </ClInclude>
    <ClInclude Include="..\include\iprotocol\ACallback.hpp">
      <Filter>iprotocol</Filter>
    </ClInclude>
    <ClInclude Include="..\include\client\GameInfo.hpp">
      <Filter>client</Filter>
    </ClInclude>
    <ClInclude Include="..\include\client\PlayerInfo.hpp">
      <Filter>client</Filter>
    </ClInclude>
    <ClInclude Include="..\include\client\GomokuGraphics.hpp">
      <Filter>client</Filter>
    </ClInclude>
    <ClInclude Include="..\include\client\GView.hpp">
      <Filter>client\IGView</Filter>
    </ClInclude>
    <ClInclude Include="..\include\client\IGVObject.hpp">
      <Filter>client\IGView</Filter>
    </ClInclude>
    <ClInclude Include="..\include\client\GVOButton.hpp">
      <Filter>client\IGView\Objects</Filter>
    </ClInclude>
    <ClInclude Include="..\include\client\GVOCheckbox.hpp">
      <Filter>client\IGView\Objects</Filter>
    </ClInclude>
    <ClInclude Include="..\include\client\IGVAMouseHover.hpp">
      <Filter>client\IGView\IGVAction</Filter>
    </ClInclude>
    <ClInclude Include="..\include\client\IGVAction.hpp">
      <Filter>client\IGView\IGVAction</Filter>
    </ClInclude>
    <ClInclude Include="..\include\client\IGVAMouseClick.hpp">
      <Filter>client\IGView\IGVAction</Filter>
    </ClInclude>
    <ClInclude Include="..\include\client\GVAMouseClickCallBack.hpp">
      <Filter>client\IGView\IGVAction</Filter>
    </ClInclude>
  </ItemGroup>
  <ItemGroup>
    <Filter Include="iprotocol">
      <UniqueIdentifier>{c5d55db5-bf1d-43ef-8668-39c84e088502}</UniqueIdentifier>
    </Filter>
    <Filter Include="isocket">
      <UniqueIdentifier>{7a43549c-0049-4812-8322-63e23d20c103}</UniqueIdentifier>
    </Filter>
    <Filter Include="itime">
      <UniqueIdentifier>{511e6bab-4f7a-487e-8436-0da9a0d14e1d}</UniqueIdentifier>
    </Filter>
    <Filter Include="client">
      <UniqueIdentifier>{00dc5e19-4236-4b8c-a18d-50f1b2796786}</UniqueIdentifier>
    </Filter>
    <Filter Include="client\IGView">
      <UniqueIdentifier>{ed9341cb-6a47-4d6a-950b-f56c7ce6a9ea}</UniqueIdentifier>
    </Filter>
    <Filter Include="client\IGView\Objects">
      <UniqueIdentifier>{7bd8f897-09e5-4581-b85b-b64b0f418efa}</UniqueIdentifier>
    </Filter>
    <Filter Include="client\IGView\IGVAction">
      <UniqueIdentifier>{f4f9ec87-e903-47f3-b8e8-92eaef60ef09}</UniqueIdentifier>
    </Filter>
  </ItemGroup>
</Project>